
Microsoft Visual Studio Solution File, Format Version 12.00
# Visual Studio Version 17
VisualStudioVersion = 17.3.32901.215
MinimumVisualStudioVersion = 10.0.40219.1
Project("{FAE04EC0-301F-11D3-BF4B-00C04F79EFBC}") = "NasljedivanjeVjezba03", "NasljedivanjeVjezba03\NasljedivanjeVjezba03.csproj", "{7EB42777-DA83-4134-8D7B-FE570B4405C3}"
EndProject
Global
	GlobalSection(SolutionConfigurationPlatforms) = preSolution
		Debug|Any CPU = Debug|Any CPU
		Release|Any CPU = Release|Any CPU
	EndGlobalSection
	GlobalSection(ProjectConfigurationPlatforms) = postSolution
		{7EB42777-DA83-4134-8D7B-FE570B4405C3}.Debug|Any CPU.ActiveCfg = Debug|Any CPU
		{7EB42777-DA83-4134-8D7B-FE570B4405C3}.Debug|Any CPU.Build.0 = Debug|Any CPU
		{7EB42777-DA83-4134-8D7B-FE570B4405C3}.Release|Any CPU.ActiveCfg = Release|Any CPU
		{7EB42777-DA83-4134-8D7B-FE570B4405C3}.Release|Any CPU.Build.0 = Release|Any CPU
	EndGlobalSection
	GlobalSection(SolutionProperties) = preSolution
		HideSolutionNode = FALSE
	EndGlobalSection
	GlobalSection(ExtensibilityGlobals) = postSolution
		SolutionGuid = {BB0437E5-0B9A-4F86-B21B-C630F1B70B5E}
	EndGlobalSection
EndGlobal
